{
    "_readme": [
        "This file locks the dependencies of your project to a known state",
        "Read more about it at https://getcomposer.org/doc/01-basic-usage.md#composer-lock-the-lock-file",
        "This file is @generated automatically"
    ],
    "hash": "b00226df28c843a59dd5af57f313c69c",
    "content-hash": "6b127bb49b4d6046e4fb4de053508ff2",
    "packages": [
        {
            "name": "friendsofcake/search",
            "version": "2.0.0",
            "source": {
                "type": "git",
                "url": "https://github.com/FriendsOfCake/search.git",
                "reference": "660892e4c3a6f2a820f177b6fc90cdcbf95babc3"
            },
            "dist": {
                "type": "zip",
                "url": "https://api.github.com/repos/FriendsOfCake/search/zipball/660892e4c3a6f2a820f177b6fc90cdcbf95babc3",
                "reference": "660892e4c3a6f2a820f177b6fc90cdcbf95babc3",
                "shasum": ""
            },
            "require-dev": {
                "cakephp/cakephp": "~3.0",
                "friendsofcake/cakephp-test-utilities": "dev-master"
            },
            "type": "cakephp-plugin",
            "autoload": {
                "psr-4": {
                    "Search\\": "src"
                }
            },
            "notification-url": "https://packagist.org/downloads/",
            "license": [
                "MIT"
            ],
            "authors": [
                {
                    "name": "Christian Winther",
                    "homepage": "http://cakephp.nu/",
                    "role": "Author"
                }
            ],
            "description": "CakePHP 3.0 easy search framework",
            "homepage": "https://github.com/FriendsOfCake/search",
            "keywords": [
                "cake3",
                "cakephp",
                "cakephp3",
                "search"
            ],
            "time": "2016-06-08 07:21:17"
        }
    ],
    "packages-dev": [],
    "aliases": [],
    "minimum-stability": "stable",
    "stability-flags": [],
    "prefer-stable": false,
    "prefer-lowest": false,
    "platform": [],
    "platform-dev": []
}
